
Microsoft Visual Studio Solution File, Format Version 12.00
Project("{2150E333-8FDC-42A3-9474-1A3956D46DE8}") = ".build", ".build", "{B4683A65-2440-47EA-8B5C-D322A539D8F5}"
ProjectSection(SolutionItems) = preProject
	common.props = common.props
EndProjectSection
EndProject
Project("{FAE04EC0-301F-11D3-BF4B-00C04F79EFBC}") = "SearchSystem.Crawl", "SearchSystem.Crawl\SearchSystem.Crawl.csproj", "{847468B0-5577-46D4-A869-0EA5DBAEF952}"
EndProject
Project("{FAE04EC0-301F-11D3-BF4B-00C04F79EFBC}") = "SearchSystem.Lemmatization", "SearchSystem.Lemmatization\SearchSystem.Lemmatization.csproj", "{107228E3-CEF3-4404-A4D6-5817E0847123}"
EndProject
Project("{FAE04EC0-301F-11D3-BF4B-00C04F79EFBC}") = "SearchSystem.Common", "SearchSystem.Common\SearchSystem.Common.csproj", "{0E0A3FFB-44F0-466C-B0FC-891B68077047}"
EndProject
Project("{FAE04EC0-301F-11D3-BF4B-00C04F79EFBC}") = "SearchSystem.App", "SearchSystem.App\SearchSystem.App.csproj", "{D9F33EA6-2948-44A7-9300-B15FF529B357}"
EndProject
Global
	GlobalSection(SolutionConfigurationPlatforms) = preSolution
		Debug|Any CPU = Debug|Any CPU
		Release|Any CPU = Release|Any CPU
	EndGlobalSection
	GlobalSection(ProjectConfigurationPlatforms) = postSolution
		{847468B0-5577-46D4-A869-0EA5DBAEF952}.Debug|Any CPU.ActiveCfg = Debug|Any CPU
		{847468B0-5577-46D4-A869-0EA5DBAEF952}.Debug|Any CPU.Build.0 = Debug|Any CPU
		{847468B0-5577-46D4-A869-0EA5DBAEF952}.Release|Any CPU.ActiveCfg = Release|Any CPU
		{847468B0-5577-46D4-A869-0EA5DBAEF952}.Release|Any CPU.Build.0 = Release|Any CPU
		{107228E3-CEF3-4404-A4D6-5817E0847123}.Debug|Any CPU.ActiveCfg = Debug|Any CPU
		{107228E3-CEF3-4404-A4D6-5817E0847123}.Debug|Any CPU.Build.0 = Debug|Any CPU
		{107228E3-CEF3-4404-A4D6-5817E0847123}.Release|Any CPU.ActiveCfg = Release|Any CPU
		{107228E3-CEF3-4404-A4D6-5817E0847123}.Release|Any CPU.Build.0 = Release|Any CPU
		{0E0A3FFB-44F0-466C-B0FC-891B68077047}.Debug|Any CPU.ActiveCfg = Debug|Any CPU
		{0E0A3FFB-44F0-466C-B0FC-891B68077047}.Debug|Any CPU.Build.0 = Debug|Any CPU
		{0E0A3FFB-44F0-466C-B0FC-891B68077047}.Release|Any CPU.ActiveCfg = Release|Any CPU
		{0E0A3FFB-44F0-466C-B0FC-891B68077047}.Release|Any CPU.Build.0 = Release|Any CPU
		{D9F33EA6-2948-44A7-9300-B15FF529B357}.Debug|Any CPU.ActiveCfg = Debug|Any CPU
		{D9F33EA6-2948-44A7-9300-B15FF529B357}.Debug|Any CPU.Build.0 = Debug|Any CPU
		{D9F33EA6-2948-44A7-9300-B15FF529B357}.Release|Any CPU.ActiveCfg = Release|Any CPU
		{D9F33EA6-2948-44A7-9300-B15FF529B357}.Release|Any CPU.Build.0 = Release|Any CPU
	EndGlobalSection
EndGlobal
