
Microsoft Visual Studio Solution File, Format Version 12.00
Project("{2150E333-8FDC-42A3-9474-1A3956D46DE8}") = ".build", ".build", "{B4683A65-2440-47EA-8B5C-D322A539D8F5}"
ProjectSection(SolutionItems) = preProject
	common.props = common.props
EndProjectSection
EndProject
Project("{FAE04EC0-301F-11D3-BF4B-00C04F79EFBC}") = "SearchSystem.WebCrawler", "SearchSystem.WebCrawler\SearchSystem.WebCrawler.csproj", "{847468B0-5577-46D4-A869-0EA5DBAEF952}"
EndProject
Global
	GlobalSection(SolutionConfigurationPlatforms) = preSolution
		Debug|Any CPU = Debug|Any CPU
		Release|Any CPU = Release|Any CPU
	EndGlobalSection
	GlobalSection(ProjectConfigurationPlatforms) = postSolution
		{847468B0-5577-46D4-A869-0EA5DBAEF952}.Debug|Any CPU.ActiveCfg = Debug|Any CPU
		{847468B0-5577-46D4-A869-0EA5DBAEF952}.Debug|Any CPU.Build.0 = Debug|Any CPU
		{847468B0-5577-46D4-A869-0EA5DBAEF952}.Release|Any CPU.ActiveCfg = Release|Any CPU
		{847468B0-5577-46D4-A869-0EA5DBAEF952}.Release|Any CPU.Build.0 = Release|Any CPU
	EndGlobalSection
EndGlobal
